
Microsoft Visual Studio Solution File, Format Version 12.00
# Visual Studio Version 17
VisualStudioVersion = 17.5.33502.453
MinimumVisualStudioVersion = 10.0.40219.1
Project("{FAE04EC0-301F-11D3-BF4B-00C04F79EFBC}") = "CustomExceptionHandling", "CustomExceptionHandling\CustomExceptionHandling.csproj", "{E958F662-5684-40C3-8C7C-1DD4F1CEB4C5}"
EndProject
Project("{FAE04EC0-301F-11D3-BF4B-00C04F79EFBC}") = "TotallySafeLib", "TotallySafeLib\TotallySafeLib.csproj", "{9290F6E9-907E-4BF4-BB36-119CBBABDEDD}"
EndProject
Global
	GlobalSection(SolutionConfigurationPlatforms) = preSolution
		Debug|Any CPU = Debug|Any CPU
		Release|Any CPU = Release|Any CPU
	EndGlobalSection
	GlobalSection(ProjectConfigurationPlatforms) = postSolution
		{E958F662-5684-40C3-8C7C-1DD4F1CEB4C5}.Debug|Any CPU.ActiveCfg = Debug|Any CPU
		{E958F662-5684-40C3-8C7C-1DD4F1CEB4C5}.Debug|Any CPU.Build.0 = Debug|Any CPU
		{E958F662-5684-40C3-8C7C-1DD4F1CEB4C5}.Release|Any CPU.ActiveCfg = Release|Any CPU
		{E958F662-5684-40C3-8C7C-1DD4F1CEB4C5}.Release|Any CPU.Build.0 = Release|Any CPU
		{9290F6E9-907E-4BF4-BB36-119CBBABDEDD}.Debug|Any CPU.ActiveCfg = Debug|Any CPU
		{9290F6E9-907E-4BF4-BB36-119CBBABDEDD}.Debug|Any CPU.Build.0 = Debug|Any CPU
		{9290F6E9-907E-4BF4-BB36-119CBBABDEDD}.Release|Any CPU.ActiveCfg = Release|Any CPU
		{9290F6E9-907E-4BF4-BB36-119CBBABDEDD}.Release|Any CPU.Build.0 = Release|Any CPU
	EndGlobalSection
	GlobalSection(SolutionProperties) = preSolution
		HideSolutionNode = FALSE
	EndGlobalSection
	GlobalSection(ExtensibilityGlobals) = postSolution
		SolutionGuid = {8770B32B-2AD9-4E22-AF16-C836A420C5F6}
	EndGlobalSection
EndGlobal
